
Microsoft Visual Studio Solution File, Format Version 12.00
# Visual Studio Version 17
VisualStudioVersion = 17.3.32804.467
MinimumVisualStudioVersion = 10.0.40219.1
Project("{FAE04EC0-301F-11D3-BF4B-00C04F79EFBC}") = "MVC-odev", "MVC-odev\MVC-odev.csproj", "{95923CB3-9059-4080-AAC3-62289563817D}"
EndProject
Global
	GlobalSection(SolutionConfigurationPlatforms) = preSolution
		Debug|Any CPU = Debug|Any CPU
		Release|Any CPU = Release|Any CPU
	EndGlobalSection
	GlobalSection(ProjectConfigurationPlatforms) = postSolution
		{95923CB3-9059-4080-AAC3-62289563817D}.Debug|Any CPU.ActiveCfg = Debug|Any CPU
		{95923CB3-9059-4080-AAC3-62289563817D}.Debug|Any CPU.Build.0 = Debug|Any CPU
		{95923CB3-9059-4080-AAC3-62289563817D}.Release|Any CPU.ActiveCfg = Release|Any CPU
		{95923CB3-9059-4080-AAC3-62289563817D}.Release|Any CPU.Build.0 = Release|Any CPU
	EndGlobalSection
	GlobalSection(SolutionProperties) = preSolution
		HideSolutionNode = FALSE
	EndGlobalSection
	GlobalSection(ExtensibilityGlobals) = postSolution
		SolutionGuid = {B8C8F21C-2604-4B93-B6C9-66419D59C756}
	EndGlobalSection
EndGlobal
